
Microsoft Visual Studio Solution File, Format Version 12.00
# Visual Studio Version 16
VisualStudioVersion = 16.0.30621.155
MinimumVisualStudioVersion = 10.0.40219.1
Project("{FAE04EC0-301F-11D3-BF4B-00C04F79EFBC}") = "BlazorBrowserNativeStyle", "BlazorBrowserNativeStyle\BlazorBrowserNativeStyle.csproj", "{4AE42127-57E6-41FA-AF7F-35CDFB61B872}"
EndProject
Global
	GlobalSection(SolutionConfigurationPlatforms) = preSolution
		Debug|Any CPU = Debug|Any CPU
		Release|Any CPU = Release|Any CPU
	EndGlobalSection
	GlobalSection(ProjectConfigurationPlatforms) = postSolution
		{4AE42127-57E6-41FA-AF7F-35CDFB61B872}.Debug|Any CPU.ActiveCfg = Debug|Any CPU
		{4AE42127-57E6-41FA-AF7F-35CDFB61B872}.Debug|Any CPU.Build.0 = Debug|Any CPU
		{4AE42127-57E6-41FA-AF7F-35CDFB61B872}.Release|Any CPU.ActiveCfg = Release|Any CPU
		{4AE42127-57E6-41FA-AF7F-35CDFB61B872}.Release|Any CPU.Build.0 = Release|Any CPU
	EndGlobalSection
	GlobalSection(SolutionProperties) = preSolution
		HideSolutionNode = FALSE
	EndGlobalSection
	GlobalSection(ExtensibilityGlobals) = postSolution
		SolutionGuid = {A0A5C8B6-5E55-4F30-ACE5-6675578B3096}
	EndGlobalSection
EndGlobal
